
Microsoft Visual Studio Solution File, Format Version 12.00
# Visual Studio 15
VisualStudioVersion = 15.0.26124.0
MinimumVisualStudioVersion = 15.0.26124.0
Project("{2150E333-8FDC-42A3-9474-1A3956D46DE8}") = "src", "src", "{E239EA52-2AF7-4693-A823-D4342003FF80}"
EndProject
Project("{FAE04EC0-301F-11D3-BF4B-00C04F79EFBC}") = "Usain.EventListener", "src\Usain.EventListener\Usain.EventListener.csproj", "{3742C6E9-5AC8-4D9E-8CD4-1FD168E42AC4}"
EndProject
Project("{FAE04EC0-301F-11D3-BF4B-00C04F79EFBC}") = "Usain.Slack", "src\Usain.Slack\Usain.Slack.csproj", "{9B326732-70C1-4AA8-883C-8209FAAC755C}"
EndProject
Project("{2150E333-8FDC-42A3-9474-1A3956D46DE8}") = ".misc", ".misc", "{D3BBBBB3-ACBE-438E-B117-FCD293144EA1}"
ProjectSection(SolutionItems) = preProject
	README.md = README.md
EndProjectSection
EndProject
Project("{2150E333-8FDC-42A3-9474-1A3956D46DE8}") = "tests", "tests", "{14285CE1-3C32-4448-9997-ED0ACE76B422}"
EndProject
Project("{2150E333-8FDC-42A3-9474-1A3956D46DE8}") = "props", "props", "{3204F6E0-5296-47C7-B4F8-55E3646A365F}"
ProjectSection(SolutionItems) = preProject
	props\common.props = props\common.props
	props\dependencies.props = props\dependencies.props
	props\package.props = props\package.props
	props\version.props = props\version.props
EndProjectSection
EndProject
Project("{FAE04EC0-301F-11D3-BF4B-00C04F79EFBC}") = "Usain.Core", "src\Usain.Core\Usain.Core.csproj", "{D8CB236A-E00E-40A1-A0EE-F0E9838DBF5B}"
EndProject
Project("{FAE04EC0-301F-11D3-BF4B-00C04F79EFBC}") = "Usain.EventProcessor", "src\Usain.EventProcessor\Usain.EventProcessor.csproj", "{F416F470-E045-4487-A57F-B34CD5661086}"
EndProject
Project("{2150E333-8FDC-42A3-9474-1A3956D46DE8}") = "unit", "unit", "{E8B5E0EE-03CE-4EC0-9508-F532092CCE32}"
EndProject
Project("{FAE04EC0-301F-11D3-BF4B-00C04F79EFBC}") = "Usain.Core.Tests", "tests\unit\Usain.Core.Tests\Usain.Core.Tests.csproj", "{7CFF2011-34DC-493D-BEB9-917183C01841}"
EndProject
Project("{FAE04EC0-301F-11D3-BF4B-00C04F79EFBC}") = "Usain.Slack.Tests", "tests\unit\Usain.Slack.Tests\Usain.Slack.Tests.csproj", "{BF24BA96-D5B0-4B73-B03B-6B66B6612D61}"
EndProject
Project("{FAE04EC0-301F-11D3-BF4B-00C04F79EFBC}") = "Usain.EventListener.Tests", "tests\unit\Usain.EventListener.Tests\Usain.EventListener.Tests.csproj", "{7A63BCA9-589B-4EDB-9721-AAEAFADF8668}"
EndProject
Project("{FAE04EC0-301F-11D3-BF4B-00C04F79EFBC}") = "Usain.EventProcessor.Tests", "tests\unit\Usain.EventProcessor.Tests\Usain.EventProcessor.Tests.csproj", "{F1DC0A70-C6FF-4068-8EBE-3F4D45CDB21C}"
EndProject
Project("{2150E333-8FDC-42A3-9474-1A3956D46DE8}") = "integration", "integration", "{73AC2543-44AA-4F3B-943C-42A625279791}"
EndProject
Project("{FAE04EC0-301F-11D3-BF4B-00C04F79EFBC}") = "Usain.EventListener.Integration.Tests", "tests\integration\Usain.EventListener.Integration.Tests\Usain.EventListener.Integration.Tests.csproj", "{8133E5BF-0B18-4B25-BF1C-280F98BA59FB}"
EndProject
Global
	GlobalSection(SolutionConfigurationPlatforms) = preSolution
		Debug|Any CPU = Debug|Any CPU
		Debug|x64 = Debug|x64
		Debug|x86 = Debug|x86
		Release|Any CPU = Release|Any CPU
		Release|x64 = Release|x64
		Release|x86 = Release|x86
	EndGlobalSection
	GlobalSection(SolutionProperties) = preSolution
		HideSolutionNode = FALSE
	EndGlobalSection
	GlobalSection(ProjectConfigurationPlatforms) = postSolution
		{3742C6E9-5AC8-4D9E-8CD4-1FD168E42AC4}.Debug|Any CPU.ActiveCfg = Debug|Any CPU
		{3742C6E9-5AC8-4D9E-8CD4-1FD168E42AC4}.Debug|Any CPU.Build.0 = Debug|Any CPU
		{3742C6E9-5AC8-4D9E-8CD4-1FD168E42AC4}.Debug|x64.ActiveCfg = Debug|Any CPU
		{3742C6E9-5AC8-4D9E-8CD4-1FD168E42AC4}.Debug|x64.Build.0 = Debug|Any CPU
		{3742C6E9-5AC8-4D9E-8CD4-1FD168E42AC4}.Debug|x86.ActiveCfg = Debug|Any CPU
		{3742C6E9-5AC8-4D9E-8CD4-1FD168E42AC4}.Debug|x86.Build.0 = Debug|Any CPU
		{3742C6E9-5AC8-4D9E-8CD4-1FD168E42AC4}.Release|Any CPU.ActiveCfg = Release|Any CPU
		{3742C6E9-5AC8-4D9E-8CD4-1FD168E42AC4}.Release|Any CPU.Build.0 = Release|Any CPU
		{3742C6E9-5AC8-4D9E-8CD4-1FD168E42AC4}.Release|x64.ActiveCfg = Release|Any CPU
		{3742C6E9-5AC8-4D9E-8CD4-1FD168E42AC4}.Release|x64.Build.0 = Release|Any CPU
		{3742C6E9-5AC8-4D9E-8CD4-1FD168E42AC4}.Release|x86.ActiveCfg = Release|Any CPU
		{3742C6E9-5AC8-4D9E-8CD4-1FD168E42AC4}.Release|x86.Build.0 = Release|Any CPU
		{9B326732-70C1-4AA8-883C-8209FAAC755C}.Debug|Any CPU.ActiveCfg = Debug|Any CPU
		{9B326732-70C1-4AA8-883C-8209FAAC755C}.Debug|Any CPU.Build.0 = Debug|Any CPU
		{9B326732-70C1-4AA8-883C-8209FAAC755C}.Debug|x64.ActiveCfg = Debug|Any CPU
		{9B326732-70C1-4AA8-883C-8209FAAC755C}.Debug|x64.Build.0 = Debug|Any CPU
		{9B326732-70C1-4AA8-883C-8209FAAC755C}.Debug|x86.ActiveCfg = Debug|Any CPU
		{9B326732-70C1-4AA8-883C-8209FAAC755C}.Debug|x86.Build.0 = Debug|Any CPU
		{9B326732-70C1-4AA8-883C-8209FAAC755C}.Release|Any CPU.ActiveCfg = Release|Any CPU
		{9B326732-70C1-4AA8-883C-8209FAAC755C}.Release|Any CPU.Build.0 = Release|Any CPU
		{9B326732-70C1-4AA8-883C-8209FAAC755C}.Release|x64.ActiveCfg = Release|Any CPU
		{9B326732-70C1-4AA8-883C-8209FAAC755C}.Release|x64.Build.0 = Release|Any CPU
		{9B326732-70C1-4AA8-883C-8209FAAC755C}.Release|x86.ActiveCfg = Release|Any CPU
		{9B326732-70C1-4AA8-883C-8209FAAC755C}.Release|x86.Build.0 = Release|Any CPU
		{D8CB236A-E00E-40A1-A0EE-F0E9838DBF5B}.Debug|Any CPU.ActiveCfg = Debug|Any CPU
		{D8CB236A-E00E-40A1-A0EE-F0E9838DBF5B}.Debug|Any CPU.Build.0 = Debug|Any CPU
		{D8CB236A-E00E-40A1-A0EE-F0E9838DBF5B}.Debug|x64.ActiveCfg = Debug|Any CPU
		{D8CB236A-E00E-40A1-A0EE-F0E9838DBF5B}.Debug|x64.Build.0 = Debug|Any CPU
		{D8CB236A-E00E-40A1-A0EE-F0E9838DBF5B}.Debug|x86.ActiveCfg = Debug|Any CPU
		{D8CB236A-E00E-40A1-A0EE-F0E9838DBF5B}.Debug|x86.Build.0 = Debug|Any CPU
		{D8CB236A-E00E-40A1-A0EE-F0E9838DBF5B}.Release|Any CPU.ActiveCfg = Release|Any CPU
		{D8CB236A-E00E-40A1-A0EE-F0E9838DBF5B}.Release|Any CPU.Build.0 = Release|Any CPU
		{D8CB236A-E00E-40A1-A0EE-F0E9838DBF5B}.Release|x64.ActiveCfg = Release|Any CPU
		{D8CB236A-E00E-40A1-A0EE-F0E9838DBF5B}.Release|x64.Build.0 = Release|Any CPU
		{D8CB236A-E00E-40A1-A0EE-F0E9838DBF5B}.Release|x86.ActiveCfg = Release|Any CPU
		{D8CB236A-E00E-40A1-A0EE-F0E9838DBF5B}.Release|x86.Build.0 = Release|Any CPU
		{F416F470-E045-4487-A57F-B34CD5661086}.Debug|Any CPU.ActiveCfg = Debug|Any CPU
		{F416F470-E045-4487-A57F-B34CD5661086}.Debug|Any CPU.Build.0 = Debug|Any CPU
		{F416F470-E045-4487-A57F-B34CD5661086}.Debug|x64.ActiveCfg = Debug|Any CPU
		{F416F470-E045-4487-A57F-B34CD5661086}.Debug|x64.Build.0 = Debug|Any CPU
		{F416F470-E045-4487-A57F-B34CD5661086}.Debug|x86.ActiveCfg = Debug|Any CPU
		{F416F470-E045-4487-A57F-B34CD5661086}.Debug|x86.Build.0 = Debug|Any CPU
		{F416F470-E045-4487-A57F-B34CD5661086}.Release|Any CPU.ActiveCfg = Release|Any CPU
		{F416F470-E045-4487-A57F-B34CD5661086}.Release|Any CPU.Build.0 = Release|Any CPU
		{F416F470-E045-4487-A57F-B34CD5661086}.Release|x64.ActiveCfg = Release|Any CPU
		{F416F470-E045-4487-A57F-B34CD5661086}.Release|x64.Build.0 = Release|Any CPU
		{F416F470-E045-4487-A57F-B34CD5661086}.Release|x86.ActiveCfg = Release|Any CPU
		{F416F470-E045-4487-A57F-B34CD5661086}.Release|x86.Build.0 = Release|Any CPU
		{7CFF2011-34DC-493D-BEB9-917183C01841}.Debug|Any CPU.ActiveCfg = Debug|Any CPU
		{7CFF2011-34DC-493D-BEB9-917183C01841}.Debug|Any CPU.Build.0 = Debug|Any CPU
		{7CFF2011-34DC-493D-BEB9-917183C01841}.Debug|x64.ActiveCfg = Debug|Any CPU
		{7CFF2011-34DC-493D-BEB9-917183C01841}.Debug|x64.Build.0 = Debug|Any CPU
		{7CFF2011-34DC-493D-BEB9-917183C01841}.Debug|x86.ActiveCfg = Debug|Any CPU
		{7CFF2011-34DC-493D-BEB9-917183C01841}.Debug|x86.Build.0 = Debug|Any CPU
		{7CFF2011-34DC-493D-BEB9-917183C01841}.Release|Any CPU.ActiveCfg = Release|Any CPU
		{7CFF2011-34DC-493D-BEB9-917183C01841}.Release|Any CPU.Build.0 = Release|Any CPU
		{7CFF2011-34DC-493D-BEB9-917183C01841}.Release|x64.ActiveCfg = Release|Any CPU
		{7CFF2011-34DC-493D-BEB9-917183C01841}.Release|x64.Build.0 = Release|Any CPU
		{7CFF2011-34DC-493D-BEB9-917183C01841}.Release|x86.ActiveCfg = Release|Any CPU
		{7CFF2011-34DC-493D-BEB9-917183C01841}.Release|x86.Build.0 = Release|Any CPU
		{BF24BA96-D5B0-4B73-B03B-6B66B6612D61}.Debug|Any CPU.ActiveCfg = Debug|Any CPU
		{BF24BA96-D5B0-4B73-B03B-6B66B6612D61}.Debug|Any CPU.Build.0 = Debug|Any CPU
		{BF24BA96-D5B0-4B73-B03B-6B66B6612D61}.Debug|x64.ActiveCfg = Debug|Any CPU
		{BF24BA96-D5B0-4B73-B03B-6B66B6612D61}.Debug|x64.Build.0 = Debug|Any CPU
		{BF24BA96-D5B0-4B73-B03B-6B66B6612D61}.Debug|x86.ActiveCfg = Debug|Any CPU
		{BF24BA96-D5B0-4B73-B03B-6B66B6612D61}.Debug|x86.Build.0 = Debug|Any CPU
		{BF24BA96-D5B0-4B73-B03B-6B66B6612D61}.Release|Any CPU.ActiveCfg = Release|Any CPU
		{BF24BA96-D5B0-4B73-B03B-6B66B6612D61}.Release|Any CPU.Build.0 = Release|Any CPU
		{BF24BA96-D5B0-4B73-B03B-6B66B6612D61}.Release|x64.ActiveCfg = Release|Any CPU
		{BF24BA96-D5B0-4B73-B03B-6B66B6612D61}.Release|x64.Build.0 = Release|Any CPU
		{BF24BA96-D5B0-4B73-B03B-6B66B6612D61}.Release|x86.ActiveCfg = Release|Any CPU
		{BF24BA96-D5B0-4B73-B03B-6B66B6612D61}.Release|x86.Build.0 = Release|Any CPU
		{7A63BCA9-589B-4EDB-9721-AAEAFADF8668}.Debug|Any CPU.ActiveCfg = Debug|Any CPU
		{7A63BCA9-589B-4EDB-9721-AAEAFADF8668}.Debug|Any CPU.Build.0 = Debug|Any CPU
		{7A63BCA9-589B-4EDB-9721-AAEAFADF8668}.Debug|x64.ActiveCfg = Debug|Any CPU
		{7A63BCA9-589B-4EDB-9721-AAEAFADF8668}.Debug|x64.Build.0 = Debug|Any CPU
		{7A63BCA9-589B-4EDB-9721-AAEAFADF8668}.Debug|x86.ActiveCfg = Debug|Any CPU
		{7A63BCA9-589B-4EDB-9721-AAEAFADF8668}.Debug|x86.Build.0 = Debug|Any CPU
		{7A63BCA9-589B-4EDB-9721-AAEAFADF8668}.Release|Any CPU.ActiveCfg = Release|Any CPU
		{7A63BCA9-589B-4EDB-9721-AAEAFADF8668}.Release|Any CPU.Build.0 = Release|Any CPU
		{7A63BCA9-589B-4EDB-9721-AAEAFADF8668}.Release|x64.ActiveCfg = Release|Any CPU
		{7A63BCA9-589B-4EDB-9721-AAEAFADF8668}.Release|x64.Build.0 = Release|Any CPU
		{7A63BCA9-589B-4EDB-9721-AAEAFADF8668}.Release|x86.ActiveCfg = Release|Any CPU
		{7A63BCA9-589B-4EDB-9721-AAEAFADF8668}.Release|x86.Build.0 = Release|Any CPU
		{F1DC0A70-C6FF-4068-8EBE-3F4D45CDB21C}.Debug|Any CPU.ActiveCfg = Debug|Any CPU
		{F1DC0A70-C6FF-4068-8EBE-3F4D45CDB21C}.Debug|Any CPU.Build.0 = Debug|Any CPU
		{F1DC0A70-C6FF-4068-8EBE-3F4D45CDB21C}.Debug|x64.ActiveCfg = Debug|Any CPU
		{F1DC0A70-C6FF-4068-8EBE-3F4D45CDB21C}.Debug|x64.Build.0 = Debug|Any CPU
		{F1DC0A70-C6FF-4068-8EBE-3F4D45CDB21C}.Debug|x86.ActiveCfg = Debug|Any CPU
		{F1DC0A70-C6FF-4068-8EBE-3F4D45CDB21C}.Debug|x86.Build.0 = Debug|Any CPU
		{F1DC0A70-C6FF-4068-8EBE-3F4D45CDB21C}.Release|Any CPU.ActiveCfg = Release|Any CPU
		{F1DC0A70-C6FF-4068-8EBE-3F4D45CDB21C}.Release|Any CPU.Build.0 = Release|Any CPU
		{F1DC0A70-C6FF-4068-8EBE-3F4D45CDB21C}.Release|x64.ActiveCfg = Release|Any CPU
		{F1DC0A70-C6FF-4068-8EBE-3F4D45CDB21C}.Release|x64.Build.0 = Release|Any CPU
		{F1DC0A70-C6FF-4068-8EBE-3F4D45CDB21C}.Release|x86.ActiveCfg = Release|Any CPU
		{F1DC0A70-C6FF-4068-8EBE-3F4D45CDB21C}.Release|x86.Build.0 = Release|Any CPU
		{8133E5BF-0B18-4B25-BF1C-280F98BA59FB}.Debug|Any CPU.ActiveCfg = Debug|Any CPU
		{8133E5BF-0B18-4B25-BF1C-280F98BA59FB}.Debug|Any CPU.Build.0 = Debug|Any CPU
		{8133E5BF-0B18-4B25-BF1C-280F98BA59FB}.Debug|x64.ActiveCfg = Debug|Any CPU
		{8133E5BF-0B18-4B25-BF1C-280F98BA59FB}.Debug|x64.Build.0 = Debug|Any CPU
		{8133E5BF-0B18-4B25-BF1C-280F98BA59FB}.Debug|x86.ActiveCfg = Debug|Any CPU
		{8133E5BF-0B18-4B25-BF1C-280F98BA59FB}.Debug|x86.Build.0 = Debug|Any CPU
		{8133E5BF-0B18-4B25-BF1C-280F98BA59FB}.Release|Any CPU.ActiveCfg = Release|Any CPU
		{8133E5BF-0B18-4B25-BF1C-280F98BA59FB}.Release|Any CPU.Build.0 = Release|Any CPU
		{8133E5BF-0B18-4B25-BF1C-280F98BA59FB}.Release|x64.ActiveCfg = Release|Any CPU
		{8133E5BF-0B18-4B25-BF1C-280F98BA59FB}.Release|x64.Build.0 = Release|Any CPU
		{8133E5BF-0B18-4B25-BF1C-280F98BA59FB}.Release|x86.ActiveCfg = Release|Any CPU
		{8133E5BF-0B18-4B25-BF1C-280F98BA59FB}.Release|x86.Build.0 = Release|Any CPU
	EndGlobalSection
	GlobalSection(NestedProjects) = preSolution
		{3742C6E9-5AC8-4D9E-8CD4-1FD168E42AC4} = {E239EA52-2AF7-4693-A823-D4342003FF80}
		{9B326732-70C1-4AA8-883C-8209FAAC755C} = {E239EA52-2AF7-4693-A823-D4342003FF80}
		{D8CB236A-E00E-40A1-A0EE-F0E9838DBF5B} = {E239EA52-2AF7-4693-A823-D4342003FF80}
		{F416F470-E045-4487-A57F-B34CD5661086} = {E239EA52-2AF7-4693-A823-D4342003FF80}
		{E8B5E0EE-03CE-4EC0-9508-F532092CCE32} = {14285CE1-3C32-4448-9997-ED0ACE76B422}
		{7CFF2011-34DC-493D-BEB9-917183C01841} = {E8B5E0EE-03CE-4EC0-9508-F532092CCE32}
		{BF24BA96-D5B0-4B73-B03B-6B66B6612D61} = {E8B5E0EE-03CE-4EC0-9508-F532092CCE32}
		{7A63BCA9-589B-4EDB-9721-AAEAFADF8668} = {E8B5E0EE-03CE-4EC0-9508-F532092CCE32}
		{F1DC0A70-C6FF-4068-8EBE-3F4D45CDB21C} = {E8B5E0EE-03CE-4EC0-9508-F532092CCE32}
		{73AC2543-44AA-4F3B-943C-42A625279791} = {14285CE1-3C32-4448-9997-ED0ACE76B422}
		{8133E5BF-0B18-4B25-BF1C-280F98BA59FB} = {73AC2543-44AA-4F3B-943C-42A625279791}
	EndGlobalSection
EndGlobal
