
Microsoft Visual Studio Solution File, Format Version 12.00
# Visual Studio 15
VisualStudioVersion = 15.0.26124.0
MinimumVisualStudioVersion = 15.0.26124.0
Project("{2150E333-8FDC-42A3-9474-1A3956D46DE8}") = "src", "src", "{E239EA52-2AF7-4693-A823-D4342003FF80}"
EndProject
Project("{FAE04EC0-301F-11D3-BF4B-00C04F79EFBC}") = "Usain.EventListener", "src\Usain.EventListener\Usain.EventListener.csproj", "{3742C6E9-5AC8-4D9E-8CD4-1FD168E42AC4}"
EndProject
Project("{FAE04EC0-301F-11D3-BF4B-00C04F79EFBC}") = "Usain.Slack", "src\Usain.Slack\Usain.Slack.csproj", "{9B326732-70C1-4AA8-883C-8209FAAC755C}"
EndProject
Project("{2150E333-8FDC-42A3-9474-1A3956D46DE8}") = ".misc", ".misc", "{D3BBBBB3-ACBE-438E-B117-FCD293144EA1}"
ProjectSection(SolutionItems) = preProject
	README.md = README.md
EndProjectSection
EndProject
Project("{2150E333-8FDC-42A3-9474-1A3956D46DE8}") = "tests", "tests", "{14285CE1-3C32-4448-9997-ED0ACE76B422}"
EndProject
Project("{2150E333-8FDC-42A3-9474-1A3956D46DE8}") = "props", "props", "{3204F6E0-5296-47C7-B4F8-55E3646A365F}"
ProjectSection(SolutionItems) = preProject
	props\common.props = props\common.props
	props\dependencies.props = props\dependencies.props
	props\package.props = props\package.props
	props\version.props = props\version.props
EndProjectSection
EndProject
Project("{FAE04EC0-301F-11D3-BF4B-00C04F79EFBC}") = "Usain.Core", "src\Usain.Core\Usain.Core.csproj", "{D8CB236A-E00E-40A1-A0EE-F0E9838DBF5B}"
EndProject
Project("{FAE04EC0-301F-11D3-BF4B-00C04F79EFBC}") = "Usain.EventProcessor", "src\Usain.EventProcessor\Usain.EventProcessor.csproj", "{F416F470-E045-4487-A57F-B34CD5661086}"
EndProject
Project("{FAE04EC0-301F-11D3-BF4B-00C04F79EFBC}") = "Usain.Core.Tests", "tests\Usain.Core.Tests\Usain.Core.Tests.csproj", "{810FF392-C847-4510-9B42-DA694BD23801}"
EndProject
Project("{FAE04EC0-301F-11D3-BF4B-00C04F79EFBC}") = "Usain.EventProcessor.Tests", "tests\Usain.EventProcessor.Tests\Usain.EventProcessor.Tests.csproj", "{B4FF45FB-D045-4F0D-9527-239B0AA5DA96}"
EndProject
Project("{FAE04EC0-301F-11D3-BF4B-00C04F79EFBC}") = "User.Slack.Tests", "tests\User.Slack.Tests\User.Slack.Tests.csproj", "{1AA917EA-1A57-48C0-B9D8-EA6032536BE6}"
EndProject
Project("{FAE04EC0-301F-11D3-BF4B-00C04F79EFBC}") = "Usain.EventListener.Tests", "tests\Usain.EventListener.Tests\Usain.EventListener.Tests.csproj", "{9F9F3D71-44AA-4A6F-A2A0-FFBCCB9FF3EB}"
EndProject
Global
	GlobalSection(SolutionConfigurationPlatforms) = preSolution
		Debug|Any CPU = Debug|Any CPU
		Debug|x64 = Debug|x64
		Debug|x86 = Debug|x86
		Release|Any CPU = Release|Any CPU
		Release|x64 = Release|x64
		Release|x86 = Release|x86
	EndGlobalSection
	GlobalSection(SolutionProperties) = preSolution
		HideSolutionNode = FALSE
	EndGlobalSection
	GlobalSection(ProjectConfigurationPlatforms) = postSolution
		{3742C6E9-5AC8-4D9E-8CD4-1FD168E42AC4}.Debug|Any CPU.ActiveCfg = Debug|Any CPU
		{3742C6E9-5AC8-4D9E-8CD4-1FD168E42AC4}.Debug|Any CPU.Build.0 = Debug|Any CPU
		{3742C6E9-5AC8-4D9E-8CD4-1FD168E42AC4}.Debug|x64.ActiveCfg = Debug|Any CPU
		{3742C6E9-5AC8-4D9E-8CD4-1FD168E42AC4}.Debug|x64.Build.0 = Debug|Any CPU
		{3742C6E9-5AC8-4D9E-8CD4-1FD168E42AC4}.Debug|x86.ActiveCfg = Debug|Any CPU
		{3742C6E9-5AC8-4D9E-8CD4-1FD168E42AC4}.Debug|x86.Build.0 = Debug|Any CPU
		{3742C6E9-5AC8-4D9E-8CD4-1FD168E42AC4}.Release|Any CPU.ActiveCfg = Release|Any CPU
		{3742C6E9-5AC8-4D9E-8CD4-1FD168E42AC4}.Release|Any CPU.Build.0 = Release|Any CPU
		{3742C6E9-5AC8-4D9E-8CD4-1FD168E42AC4}.Release|x64.ActiveCfg = Release|Any CPU
		{3742C6E9-5AC8-4D9E-8CD4-1FD168E42AC4}.Release|x64.Build.0 = Release|Any CPU
		{3742C6E9-5AC8-4D9E-8CD4-1FD168E42AC4}.Release|x86.ActiveCfg = Release|Any CPU
		{3742C6E9-5AC8-4D9E-8CD4-1FD168E42AC4}.Release|x86.Build.0 = Release|Any CPU
		{9B326732-70C1-4AA8-883C-8209FAAC755C}.Debug|Any CPU.ActiveCfg = Debug|Any CPU
		{9B326732-70C1-4AA8-883C-8209FAAC755C}.Debug|Any CPU.Build.0 = Debug|Any CPU
		{9B326732-70C1-4AA8-883C-8209FAAC755C}.Debug|x64.ActiveCfg = Debug|Any CPU
		{9B326732-70C1-4AA8-883C-8209FAAC755C}.Debug|x64.Build.0 = Debug|Any CPU
		{9B326732-70C1-4AA8-883C-8209FAAC755C}.Debug|x86.ActiveCfg = Debug|Any CPU
		{9B326732-70C1-4AA8-883C-8209FAAC755C}.Debug|x86.Build.0 = Debug|Any CPU
		{9B326732-70C1-4AA8-883C-8209FAAC755C}.Release|Any CPU.ActiveCfg = Release|Any CPU
		{9B326732-70C1-4AA8-883C-8209FAAC755C}.Release|Any CPU.Build.0 = Release|Any CPU
		{9B326732-70C1-4AA8-883C-8209FAAC755C}.Release|x64.ActiveCfg = Release|Any CPU
		{9B326732-70C1-4AA8-883C-8209FAAC755C}.Release|x64.Build.0 = Release|Any CPU
		{9B326732-70C1-4AA8-883C-8209FAAC755C}.Release|x86.ActiveCfg = Release|Any CPU
		{9B326732-70C1-4AA8-883C-8209FAAC755C}.Release|x86.Build.0 = Release|Any CPU
		{D8CB236A-E00E-40A1-A0EE-F0E9838DBF5B}.Debug|Any CPU.ActiveCfg = Debug|Any CPU
		{D8CB236A-E00E-40A1-A0EE-F0E9838DBF5B}.Debug|Any CPU.Build.0 = Debug|Any CPU
		{D8CB236A-E00E-40A1-A0EE-F0E9838DBF5B}.Debug|x64.ActiveCfg = Debug|Any CPU
		{D8CB236A-E00E-40A1-A0EE-F0E9838DBF5B}.Debug|x64.Build.0 = Debug|Any CPU
		{D8CB236A-E00E-40A1-A0EE-F0E9838DBF5B}.Debug|x86.ActiveCfg = Debug|Any CPU
		{D8CB236A-E00E-40A1-A0EE-F0E9838DBF5B}.Debug|x86.Build.0 = Debug|Any CPU
		{D8CB236A-E00E-40A1-A0EE-F0E9838DBF5B}.Release|Any CPU.ActiveCfg = Release|Any CPU
		{D8CB236A-E00E-40A1-A0EE-F0E9838DBF5B}.Release|Any CPU.Build.0 = Release|Any CPU
		{D8CB236A-E00E-40A1-A0EE-F0E9838DBF5B}.Release|x64.ActiveCfg = Release|Any CPU
		{D8CB236A-E00E-40A1-A0EE-F0E9838DBF5B}.Release|x64.Build.0 = Release|Any CPU
		{D8CB236A-E00E-40A1-A0EE-F0E9838DBF5B}.Release|x86.ActiveCfg = Release|Any CPU
		{D8CB236A-E00E-40A1-A0EE-F0E9838DBF5B}.Release|x86.Build.0 = Release|Any CPU
		{F416F470-E045-4487-A57F-B34CD5661086}.Debug|Any CPU.ActiveCfg = Debug|Any CPU
		{F416F470-E045-4487-A57F-B34CD5661086}.Debug|Any CPU.Build.0 = Debug|Any CPU
		{F416F470-E045-4487-A57F-B34CD5661086}.Debug|x64.ActiveCfg = Debug|Any CPU
		{F416F470-E045-4487-A57F-B34CD5661086}.Debug|x64.Build.0 = Debug|Any CPU
		{F416F470-E045-4487-A57F-B34CD5661086}.Debug|x86.ActiveCfg = Debug|Any CPU
		{F416F470-E045-4487-A57F-B34CD5661086}.Debug|x86.Build.0 = Debug|Any CPU
		{F416F470-E045-4487-A57F-B34CD5661086}.Release|Any CPU.ActiveCfg = Release|Any CPU
		{F416F470-E045-4487-A57F-B34CD5661086}.Release|Any CPU.Build.0 = Release|Any CPU
		{F416F470-E045-4487-A57F-B34CD5661086}.Release|x64.ActiveCfg = Release|Any CPU
		{F416F470-E045-4487-A57F-B34CD5661086}.Release|x64.Build.0 = Release|Any CPU
		{F416F470-E045-4487-A57F-B34CD5661086}.Release|x86.ActiveCfg = Release|Any CPU
		{F416F470-E045-4487-A57F-B34CD5661086}.Release|x86.Build.0 = Release|Any CPU
		{810FF392-C847-4510-9B42-DA694BD23801}.Debug|Any CPU.ActiveCfg = Debug|Any CPU
		{810FF392-C847-4510-9B42-DA694BD23801}.Debug|Any CPU.Build.0 = Debug|Any CPU
		{810FF392-C847-4510-9B42-DA694BD23801}.Debug|x64.ActiveCfg = Debug|Any CPU
		{810FF392-C847-4510-9B42-DA694BD23801}.Debug|x64.Build.0 = Debug|Any CPU
		{810FF392-C847-4510-9B42-DA694BD23801}.Debug|x86.ActiveCfg = Debug|Any CPU
		{810FF392-C847-4510-9B42-DA694BD23801}.Debug|x86.Build.0 = Debug|Any CPU
		{810FF392-C847-4510-9B42-DA694BD23801}.Release|Any CPU.ActiveCfg = Release|Any CPU
		{810FF392-C847-4510-9B42-DA694BD23801}.Release|Any CPU.Build.0 = Release|Any CPU
		{810FF392-C847-4510-9B42-DA694BD23801}.Release|x64.ActiveCfg = Release|Any CPU
		{810FF392-C847-4510-9B42-DA694BD23801}.Release|x64.Build.0 = Release|Any CPU
		{810FF392-C847-4510-9B42-DA694BD23801}.Release|x86.ActiveCfg = Release|Any CPU
		{810FF392-C847-4510-9B42-DA694BD23801}.Release|x86.Build.0 = Release|Any CPU
		{B4FF45FB-D045-4F0D-9527-239B0AA5DA96}.Debug|Any CPU.ActiveCfg = Debug|Any CPU
		{B4FF45FB-D045-4F0D-9527-239B0AA5DA96}.Debug|Any CPU.Build.0 = Debug|Any CPU
		{B4FF45FB-D045-4F0D-9527-239B0AA5DA96}.Debug|x64.ActiveCfg = Debug|Any CPU
		{B4FF45FB-D045-4F0D-9527-239B0AA5DA96}.Debug|x64.Build.0 = Debug|Any CPU
		{B4FF45FB-D045-4F0D-9527-239B0AA5DA96}.Debug|x86.ActiveCfg = Debug|Any CPU
		{B4FF45FB-D045-4F0D-9527-239B0AA5DA96}.Debug|x86.Build.0 = Debug|Any CPU
		{B4FF45FB-D045-4F0D-9527-239B0AA5DA96}.Release|Any CPU.ActiveCfg = Release|Any CPU
		{B4FF45FB-D045-4F0D-9527-239B0AA5DA96}.Release|Any CPU.Build.0 = Release|Any CPU
		{B4FF45FB-D045-4F0D-9527-239B0AA5DA96}.Release|x64.ActiveCfg = Release|Any CPU
		{B4FF45FB-D045-4F0D-9527-239B0AA5DA96}.Release|x64.Build.0 = Release|Any CPU
		{B4FF45FB-D045-4F0D-9527-239B0AA5DA96}.Release|x86.ActiveCfg = Release|Any CPU
		{B4FF45FB-D045-4F0D-9527-239B0AA5DA96}.Release|x86.Build.0 = Release|Any CPU
		{1AA917EA-1A57-48C0-B9D8-EA6032536BE6}.Debug|Any CPU.ActiveCfg = Debug|Any CPU
		{1AA917EA-1A57-48C0-B9D8-EA6032536BE6}.Debug|Any CPU.Build.0 = Debug|Any CPU
		{1AA917EA-1A57-48C0-B9D8-EA6032536BE6}.Debug|x64.ActiveCfg = Debug|Any CPU
		{1AA917EA-1A57-48C0-B9D8-EA6032536BE6}.Debug|x64.Build.0 = Debug|Any CPU
		{1AA917EA-1A57-48C0-B9D8-EA6032536BE6}.Debug|x86.ActiveCfg = Debug|Any CPU
		{1AA917EA-1A57-48C0-B9D8-EA6032536BE6}.Debug|x86.Build.0 = Debug|Any CPU
		{1AA917EA-1A57-48C0-B9D8-EA6032536BE6}.Release|Any CPU.ActiveCfg = Release|Any CPU
		{1AA917EA-1A57-48C0-B9D8-EA6032536BE6}.Release|Any CPU.Build.0 = Release|Any CPU
		{1AA917EA-1A57-48C0-B9D8-EA6032536BE6}.Release|x64.ActiveCfg = Release|Any CPU
		{1AA917EA-1A57-48C0-B9D8-EA6032536BE6}.Release|x64.Build.0 = Release|Any CPU
		{1AA917EA-1A57-48C0-B9D8-EA6032536BE6}.Release|x86.ActiveCfg = Release|Any CPU
		{1AA917EA-1A57-48C0-B9D8-EA6032536BE6}.Release|x86.Build.0 = Release|Any CPU
		{9F9F3D71-44AA-4A6F-A2A0-FFBCCB9FF3EB}.Debug|Any CPU.ActiveCfg = Debug|Any CPU
		{9F9F3D71-44AA-4A6F-A2A0-FFBCCB9FF3EB}.Debug|Any CPU.Build.0 = Debug|Any CPU
		{9F9F3D71-44AA-4A6F-A2A0-FFBCCB9FF3EB}.Debug|x64.ActiveCfg = Debug|Any CPU
		{9F9F3D71-44AA-4A6F-A2A0-FFBCCB9FF3EB}.Debug|x64.Build.0 = Debug|Any CPU
		{9F9F3D71-44AA-4A6F-A2A0-FFBCCB9FF3EB}.Debug|x86.ActiveCfg = Debug|Any CPU
		{9F9F3D71-44AA-4A6F-A2A0-FFBCCB9FF3EB}.Debug|x86.Build.0 = Debug|Any CPU
		{9F9F3D71-44AA-4A6F-A2A0-FFBCCB9FF3EB}.Release|Any CPU.ActiveCfg = Release|Any CPU
		{9F9F3D71-44AA-4A6F-A2A0-FFBCCB9FF3EB}.Release|Any CPU.Build.0 = Release|Any CPU
		{9F9F3D71-44AA-4A6F-A2A0-FFBCCB9FF3EB}.Release|x64.ActiveCfg = Release|Any CPU
		{9F9F3D71-44AA-4A6F-A2A0-FFBCCB9FF3EB}.Release|x64.Build.0 = Release|Any CPU
		{9F9F3D71-44AA-4A6F-A2A0-FFBCCB9FF3EB}.Release|x86.ActiveCfg = Release|Any CPU
		{9F9F3D71-44AA-4A6F-A2A0-FFBCCB9FF3EB}.Release|x86.Build.0 = Release|Any CPU
	EndGlobalSection
	GlobalSection(NestedProjects) = preSolution
		{3742C6E9-5AC8-4D9E-8CD4-1FD168E42AC4} = {E239EA52-2AF7-4693-A823-D4342003FF80}
		{9B326732-70C1-4AA8-883C-8209FAAC755C} = {E239EA52-2AF7-4693-A823-D4342003FF80}
		{D8CB236A-E00E-40A1-A0EE-F0E9838DBF5B} = {E239EA52-2AF7-4693-A823-D4342003FF80}
		{F416F470-E045-4487-A57F-B34CD5661086} = {E239EA52-2AF7-4693-A823-D4342003FF80}
		{810FF392-C847-4510-9B42-DA694BD23801} = {14285CE1-3C32-4448-9997-ED0ACE76B422}
		{B4FF45FB-D045-4F0D-9527-239B0AA5DA96} = {14285CE1-3C32-4448-9997-ED0ACE76B422}
		{1AA917EA-1A57-48C0-B9D8-EA6032536BE6} = {14285CE1-3C32-4448-9997-ED0ACE76B422}
		{9F9F3D71-44AA-4A6F-A2A0-FFBCCB9FF3EB} = {14285CE1-3C32-4448-9997-ED0ACE76B422}
	EndGlobalSection
EndGlobal
